<?xml version="1.0" encoding="utf-8"?>
<Project ToolsVersion="4.0" xmlns="http://schemas.microsoft.com/developer/msbuild/2003">
  <ItemGroup>
    <Filter Include="Source Files">
      <UniqueIdentifier>{4FC737F1-C7A5-4376-A066-2A32D752A2FF}</UniqueIdentifier>
      <Extensions>cpp;c;cxx;def;odl;idl;hpj;bat;asm;asmx</Extensions>
    </Filter>
    <Filter Include="Resource Files">
      <UniqueIdentifier>{67DA6AB6-F800-4c08-8B7A-83BB121AAD01}</UniqueIdentifier>
      <Extensions>rc;ico;cur;bmp;dlg;rc2;rct;bin;rgs;gif;jpg;jpeg;jpe;resx</Extensions>
    </Filter>
    <Filter Include="Utils">
      <UniqueIdentifier>{e914b59d-e8b5-456e-9338-cc225965f9d0}</UniqueIdentifier>
    </Filter>
    <Filter Include="External">
      <UniqueIdentifier>{9fc5107e-2b18-4ffe-ab9e-63f054c3fab7}</UniqueIdentifier>
    </Filter>
    <Filter Include="External\iniparser">
      <UniqueIdentifier>{ed2ef7fd-63e9-4eb1-8764-ec3490448b45}</UniqueIdentifier>
    </Filter>
    <Filter Include="Utils\Win">
      <UniqueIdentifier>{32c50fd8-6b19-4380-94eb-1b14b82a13f3}</UniqueIdentifier>
    </Filter>
    <Filter Include="Utils\Win\basic">
      <UniqueIdentifier>{7ac0fd8e-46bc-4f13-96e0-88898049aa42}</UniqueIdentifier>
    </Filter>
    <Filter Include="Utils\Win\Ini">
      <UniqueIdentifier>{71ae704c-d1f4-4766-8657-4c2cc6593126}</UniqueIdentifier>
    </Filter>
    <Filter Include="Utils\All">
      <UniqueIdentifier>{4de5c52b-5fd9-496d-88f8-4084975e1ad5}</UniqueIdentifier>
    </Filter>
    <Filter Include="Utils\All\net">
      <UniqueIdentifier>{7d053eb0-0a88-41d1-97c3-5a7874063d8e}</UniqueIdentifier>
    </Filter>
    <Filter Include="Utils\All\common">
      <UniqueIdentifier>{00e510cd-d9c6-4446-9143-517d0285037c}</UniqueIdentifier>
    </Filter>
  </ItemGroup>
  <ItemGroup>
    <ClCompile Include="stdafx.cpp">
      <Filter>Source Files</Filter>
    </ClCompile>
    <ClCompile Include="MyNanjingDlg.cpp">
      <Filter>Source Files</Filter>
    </ClCompile>
    <ClCompile Include="MyNanjing.cpp">
      <Filter>Source Files</Filter>
    </ClCompile>
    <ClCompile Include="..\..\..\extern-libs\iniparser\src\dictionary.c">
      <Filter>External\iniparser</Filter>
    </ClCompile>
    <ClCompile Include="..\..\..\extern-libs\iniparser\src\iniparser2.cpp">
      <Filter>External\iniparser</Filter>
    </ClCompile>
    <ClCompile Include="..\..\utils\win\Ini\SimpleIni.cpp">
      <Filter>Utils\Win\Ini</Filter>
    </ClCompile>
    <ClCompile Include="..\..\utils\win\Basic\FileUtilWin.cpp">
      <Filter>Utils\Win</Filter>
    </ClCompile>
    <ClCompile Include="..\..\utils\win\Basic\StrUtilWin.cpp">
      <Filter>Utils\Win</Filter>
    </ClCompile>
    <ClCompile Include="..\..\utils\all\net\curl_utils.cpp">
      <Filter>Utils\All\net</Filter>
    </ClCompile>
    <ClCompile Include="..\..\utils\all\common\common_utils.cpp">
      <Filter>Utils\All\common</Filter>
    </ClCompile>
  </ItemGroup>
  <ItemGroup>
    <ClInclude Include="Resource.h">
      <Filter>Source Files</Filter>
    </ClInclude>
    <ClInclude Include="stdafx.h">
      <Filter>Source Files</Filter>
    </ClInclude>
    <ClInclude Include="MyNanjingDlg.h">
      <Filter>Source Files</Filter>
    </ClInclude>
    <ClInclude Include="MyNanjing.h">
      <Filter>Source Files</Filter>
    </ClInclude>
    <ClInclude Include="..\..\..\extern-libs\iniparser\src\dictionary.h">
      <Filter>External\iniparser</Filter>
    </ClInclude>
    <ClInclude Include="..\..\..\extern-libs\iniparser\src\iniparser.h">
      <Filter>External\iniparser</Filter>
    </ClInclude>
    <ClInclude Include="..\..\utils\win\Ini\SimpleIni.h">
      <Filter>Utils\Win\Ini</Filter>
    </ClInclude>
    <ClInclude Include="..\..\utils\win\Basic\FileUtil.h">
      <Filter>Utils\Win</Filter>
    </ClInclude>
    <ClInclude Include="..\..\utils\win\Basic\StrUtil.h">
      <Filter>Utils\Win</Filter>
    </ClInclude>
    <ClInclude Include="..\..\utils\all\net\curl_utils.h">
      <Filter>Utils\All\net</Filter>
    </ClInclude>
    <ClInclude Include="..\..\utils\all\common\common_utils.h">
      <Filter>Utils\All\common</Filter>
    </ClInclude>
  </ItemGroup>
  <ItemGroup>
    <Image Include="res\MyNanjing.ico">
      <Filter>Resource Files</Filter>
    </Image>
  </ItemGroup>
  <ItemGroup>
    <None Include="res\MyNanjing.rc2">
      <Filter>Resource Files</Filter>
    </None>
  </ItemGroup>
  <ItemGroup>
    <ResourceCompile Include="MyNanjing.rc">
      <Filter>Resource Files</Filter>
    </ResourceCompile>
  </ItemGroup>
  <ItemGroup>
    <Text Include="readme.txt" />
  </ItemGroup>
</Project>