<?xml version="1.0" encoding="utf-8"?>
<Project ToolsVersion="4.0" xmlns="http://schemas.microsoft.com/developer/msbuild/2003">
  <ItemGroup>
    <Filter Include="Source Files">
      <UniqueIdentifier>{4FC737F1-C7A5-4376-A066-2A32D752A2FF}</UniqueIdentifier>
      <Extensions>cpp;c;cc;cxx;def;odl;idl;hpj;bat;asm;asmx</Extensions>
    </Filter>
    <Filter Include="Header Files">
      <UniqueIdentifier>{93995380-89BD-4b04-88EB-625FBE52EBFB}</UniqueIdentifier>
      <Extensions>h;hpp;hxx;hm;inl;inc;xsd</Extensions>
    </Filter>
    <Filter Include="Resource Files">
      <UniqueIdentifier>{67DA6AB6-F800-4c08-8B7A-83BB121AAD01}</UniqueIdentifier>
      <Extensions>rc;ico;cur;bmp;dlg;rc2;rct;bin;rgs;gif;jpg;jpeg;jpe;resx;tiff;tif;png;wav;mfcribbon-ms</Extensions>
    </Filter>
    <Filter Include="DB">
      <UniqueIdentifier>{51556877-d512-4492-8bee-737ec694c1d1}</UniqueIdentifier>
    </Filter>
    <Filter Include="DB\Excel">
      <UniqueIdentifier>{015c36b2-c045-46c5-acb1-a586365d6b1e}</UniqueIdentifier>
    </Filter>
    <Filter Include="Basic">
      <UniqueIdentifier>{aad0df03-4009-4998-aa84-51f0446a701a}</UniqueIdentifier>
    </Filter>
  </ItemGroup>
  <ItemGroup>
    <ClInclude Include="stdafx.h">
      <Filter>Header Files</Filter>
    </ClInclude>
    <ClInclude Include="targetver.h">
      <Filter>Header Files</Filter>
    </ClInclude>
    <ClInclude Include="..\..\Utils\DB\DbBasics.h">
      <Filter>DB</Filter>
    </ClInclude>
    <ClInclude Include="..\..\Utils\DB\DbExcel.h">
      <Filter>DB</Filter>
    </ClInclude>
    <ClInclude Include="..\..\Utils\DB\Excel\Excel.h">
      <Filter>DB\Excel</Filter>
    </ClInclude>
    <ClInclude Include="..\..\Utils\DB\Excel\excel9.h">
      <Filter>DB\Excel</Filter>
    </ClInclude>
    <ClInclude Include="..\..\Utils\Basic\StrUtil.h">
      <Filter>Basic</Filter>
    </ClInclude>
    <ClInclude Include="..\..\Utils\Basic\FileUtil.h">
      <Filter>Basic</Filter>
    </ClInclude>
  </ItemGroup>
  <ItemGroup>
    <ClCompile Include="stdafx.cpp">
      <Filter>Source Files</Filter>
    </ClCompile>
    <ClCompile Include="Excel2Txt.cpp">
      <Filter>Source Files</Filter>
    </ClCompile>
    <ClCompile Include="..\..\Utils\DB\DbBasics.cpp">
      <Filter>DB</Filter>
    </ClCompile>
    <ClCompile Include="..\..\Utils\DB\DbExcel.cpp">
      <Filter>DB</Filter>
    </ClCompile>
    <ClCompile Include="..\..\Utils\DB\Excel\Excel.cpp">
      <Filter>DB\Excel</Filter>
    </ClCompile>
    <ClCompile Include="..\..\Utils\DB\Excel\excel9.cpp">
      <Filter>DB\Excel</Filter>
    </ClCompile>
    <ClCompile Include="..\..\Utils\Basic\StrUtilWin.cpp">
      <Filter>Basic</Filter>
    </ClCompile>
    <ClCompile Include="..\..\Utils\Basic\FileUtilWin.cpp">
      <Filter>Basic</Filter>
    </ClCompile>
  </ItemGroup>
</Project>