
Microsoft Visual Studio Solution File, Format Version 12.00
# Visual Studio 15
VisualStudioVersion = 15.0.28010.2046
MinimumVisualStudioVersion = 10.0.40219.1
Project("{8BC9CEB8-8B4A-11D0-8D11-00A0C91BC942}") = "Choice", "Choice\Choice.vcxproj", "{BD015255-018E-49E6-9C14-A3F6DBB8AB8E}"
EndProject
Global
	GlobalSection(SolutionConfigurationPlatforms) = preSolution
		Debug|x64 = Debug|x64
		Debug|x86 = Debug|x86
		Release|x64 = Release|x64
		Release|x86 = Release|x86
	EndGlobalSection
	GlobalSection(ProjectConfigurationPlatforms) = postSolution
		{BD015255-018E-49E6-9C14-A3F6DBB8AB8E}.Debug|x64.ActiveCfg = Debug|x64
		{BD015255-018E-49E6-9C14-A3F6DBB8AB8E}.Debug|x64.Build.0 = Debug|x64
		{BD015255-018E-49E6-9C14-A3F6DBB8AB8E}.Debug|x86.ActiveCfg = Debug|Win32
		{BD015255-018E-49E6-9C14-A3F6DBB8AB8E}.Debug|x86.Build.0 = Debug|Win32
		{BD015255-018E-49E6-9C14-A3F6DBB8AB8E}.Release|x64.ActiveCfg = Release|x64
		{BD015255-018E-49E6-9C14-A3F6DBB8AB8E}.Release|x64.Build.0 = Release|x64
		{BD015255-018E-49E6-9C14-A3F6DBB8AB8E}.Release|x86.ActiveCfg = Release|Win32
		{BD015255-018E-49E6-9C14-A3F6DBB8AB8E}.Release|x86.Build.0 = Release|Win32
	EndGlobalSection
	GlobalSection(SolutionProperties) = preSolution
		HideSolutionNode = FALSE
	EndGlobalSection
	GlobalSection(ExtensibilityGlobals) = postSolution
		SolutionGuid = {560091D3-872B-428C-B974-4F2156A887EF}
	EndGlobalSection
EndGlobal
